
Microsoft Visual Studio Solution File, Format Version 11.00
# Visual Studio 2010
Project("{FAE04EC0-301F-11D3-BF4B-00C04F79EFBC}") = "InventarioHSC.Presentation", "InventarioHSC.Presentation.csproj", "{4C8AE0DC-2E8A-4D16-9B3C-7AD12B47F835}"
EndProject
Global
	GlobalSection(SolutionConfigurationPlatforms) = preSolution
		Debug|Any CPU = Debug|Any CPU
		Release|Any CPU = Release|Any CPU
	EndGlobalSection
	GlobalSection(ProjectConfigurationPlatforms) = postSolution
		{4C8AE0DC-2E8A-4D16-9B3C-7AD12B47F835}.Debug|Any CPU.ActiveCfg = Debug|Any CPU
		{4C8AE0DC-2E8A-4D16-9B3C-7AD12B47F835}.Debug|Any CPU.Build.0 = Debug|Any CPU
		{4C8AE0DC-2E8A-4D16-9B3C-7AD12B47F835}.Release|Any CPU.ActiveCfg = Release|Any CPU
		{4C8AE0DC-2E8A-4D16-9B3C-7AD12B47F835}.Release|Any CPU.Build.0 = Release|Any CPU
	EndGlobalSection
	GlobalSection(SolutionProperties) = preSolution
		HideSolutionNode = FALSE
	EndGlobalSection
EndGlobal
